{
  "name": "browser-tester",
  "version": "1.0.0",
  "lockfileVersion": 1,
  "requires": true,
  "dependencies": {
    "@types/modernizr": {
      "version": "3.5.3",
      "resolved": "https://registry.npmjs.org/@types/modernizr/-/modernizr-3.5.3.tgz",
      "integrity": "sha512-jhMOZSS0UGYTS9pqvt6q3wtT3uvOSve5piTEmTMx3zzTuBLvSIMxSIBIc3d5lajVD5h4xc41AMZD2M5orN3PxA==",
      "dev": true
    }
  }
}
